// !$*UTF8*$!
{
	archiveVersion = 1;
	classes = {
	};
	objectVersion = 51;
	objects = {

/* Begin PBXBuildFile section */
		66BE1578F9E6C3141AB2E833 /* Pods_Stockly.framework in Frameworks */ = {isa = PBXBuildFile; fileRef = 0677454E0D1CDEC39B9CB83F /* Pods_Stockly.framework */; };
		C930645C2623A24C00A3A837 /* AppDelegate.swift in Sources */ = {isa = PBXBuildFile; fileRef = C930645B2623A24C00A3A837 /* AppDelegate.swift */; };
		C930645E2623A24C00A3A837 /* SceneDelegate.swift in Sources */ = {isa = PBXBuildFile; fileRef = C930645D2623A24C00A3A837 /* SceneDelegate.swift */; };
		C93064602623A24C00A3A837 /* ViewController.swift in Sources */ = {isa = PBXBuildFile; fileRef = C930645F2623A24C00A3A837 /* ViewController.swift */; };
		C93064632623A24C00A3A837 /* Main.storyboard in Resources */ = {isa = PBXBuildFile; fileRef = C93064612623A24C00A3A837 /* Main.storyboard */; };
		C93064652623A24D00A3A837 /* Assets.xcassets in Resources */ = {isa = PBXBuildFile; fileRef = C93064642623A24D00A3A837 /* Assets.xcassets */; };
		C93064682623A24D00A3A837 /* LaunchScreen.storyboard in Resources */ = {isa = PBXBuildFile; fileRef = C93064662623A24D00A3A837 /* LaunchScreen.storyboard */; };
		C93064712623A26A00A3A837 /* LoginViewController.swift in Sources */ = {isa = PBXBuildFile; fileRef = C93064702623A26A00A3A837 /* LoginViewController.swift */; };
		C93064742623A27A00A3A837 /* SignUpViewController.swift in Sources */ = {isa = PBXBuildFile; fileRef = C93064732623A27A00A3A837 /* SignUpViewController.swift */; };
		C944EDB32634D15000D79ED5 /* MessagesCell.swift in Sources */ = {isa = PBXBuildFile; fileRef = C944EDB22634D15000D79ED5 /* MessagesCell.swift */; };
		C944EDBA2634D2DD00D79ED5 /* ChatViewController.swift in Sources */ = {isa = PBXBuildFile; fileRef = C944EDB92634D2DD00D79ED5 /* ChatViewController.swift */; };
		C960813C2627D84700A0C4D2 /* itemCell.swift in Sources */ = {isa = PBXBuildFile; fileRef = C960813B2627D84700A0C4D2 /* itemCell.swift */; };
		C960813F2627DB7E00A0C4D2 /* Item.swift in Sources */ = {isa = PBXBuildFile; fileRef = C960813E2627DB7E00A0C4D2 /* Item.swift */; };
		C96DD2E52624030D00DB0F72 /* GoogleService-Info.plist in Resources */ = {isa = PBXBuildFile; fileRef = C93753112623EFA7002DF353 /* GoogleService-Info.plist */; };
		C96DD2EA262407E800DB0F72 /* Utilities.swift in Sources */ = {isa = PBXBuildFile; fileRef = C96DD2E9262407E800DB0F72 /* Utilities.swift */; };
		C96DD2ED26242FB600DB0F72 /* Constants.swift in Sources */ = {isa = PBXBuildFile; fileRef = C96DD2EC26242FB600DB0F72 /* Constants.swift */; };
		C96DD2F02624A55D00DB0F72 /* TabViewController.swift in Sources */ = {isa = PBXBuildFile; fileRef = C96DD2EF2624A55D00DB0F72 /* TabViewController.swift */; };
		C96DD2FE262569D000DB0F72 /* PhotoViewController.swift in Sources */ = {isa = PBXBuildFile; fileRef = C96DD2FD262569D000DB0F72 /* PhotoViewController.swift */; };
		C96DD30226256A1F00DB0F72 /* AddItemViewController.swift in Sources */ = {isa = PBXBuildFile; fileRef = C96DD30126256A1F00DB0F72 /* AddItemViewController.swift */; };
		C96DD30526256B2B00DB0F72 /* ProfileViewController.swift in Sources */ = {isa = PBXBuildFile; fileRef = C96DD30426256B2B00DB0F72 /* ProfileViewController.swift */; };
		C96DD309262582A800DB0F72 /* InventoryViewController.swift in Sources */ = {isa = PBXBuildFile; fileRef = C96DD308262582A800DB0F72 /* InventoryViewController.swift */; };
		C96DD30C2626045100DB0F72 /* ProfileEditViewController.swift in Sources */ = {isa = PBXBuildFile; fileRef = C96DD30B2626045100DB0F72 /* ProfileEditViewController.swift */; };
		C96DD30F26262CF200DB0F72 /* NavViewController.swift in Sources */ = {isa = PBXBuildFile; fileRef = C96DD30E26262CF200DB0F72 /* NavViewController.swift */; };
		C9E8B07C262E5E0700DBB0ED /* EditItemViewController.swift in Sources */ = {isa = PBXBuildFile; fileRef = C9E8B07B262E5E0700DBB0ED /* EditItemViewController.swift */; };
		C9E8B081262E5E4300DBB0ED /* StoreViewController.swift in Sources */ = {isa = PBXBuildFile; fileRef = C9E8B080262E5E4300DBB0ED /* StoreViewController.swift */; };
		C9E8B085262E5E7600DBB0ED /* StoreItemViewController.swift in Sources */ = {isa = PBXBuildFile; fileRef = C9E8B084262E5E7600DBB0ED /* StoreItemViewController.swift */; };
		C9E8B088262E5E8E00DBB0ED /* CartViewController.swift in Sources */ = {isa = PBXBuildFile; fileRef = C9E8B087262E5E8E00DBB0ED /* CartViewController.swift */; };
		C9E8B08E262E5ED300DBB0ED /* CheckoutViewController.swift in Sources */ = {isa = PBXBuildFile; fileRef = C9E8B08D262E5ED300DBB0ED /* CheckoutViewController.swift */; };
		C9E8B091262E5EE500DBB0ED /* OrderPlacedViewController.swift in Sources */ = {isa = PBXBuildFile; fileRef = C9E8B090262E5EE500DBB0ED /* OrderPlacedViewController.swift */; };
		C9E8B095262E5F7400DBB0ED /* DashboardViewController.swift in Sources */ = {isa = PBXBuildFile; fileRef = C9E8B094262E5F7400DBB0ED /* DashboardViewController.swift */; };
		C9E8B099262E5FA600DBB0ED /* PurchasesViewController.swift in Sources */ = {isa = PBXBuildFile; fileRef = C9E8B098262E5FA600DBB0ED /* PurchasesViewController.swift */; };
		C9E8B09C262E5FBE00DBB0ED /* SavedViewController.swift in Sources */ = {isa = PBXBuildFile; fileRef = C9E8B09B262E5FBE00DBB0ED /* SavedViewController.swift */; };
		C9E8B09F262E5FF500DBB0ED /* MessagesViewController.swift in Sources */ = {isa = PBXBuildFile; fileRef = C9E8B09E262E5FF500DBB0ED /* MessagesViewController.swift */; };
		C9E8B0A2262E601800DBB0ED /* SalesViewController.swift in Sources */ = {isa = PBXBuildFile; fileRef = C9E8B0A1262E601800DBB0ED /* SalesViewController.swift */; };
		C9E8B0A5262E602D00DBB0ED /* RecentyViewedViewController.swift in Sources */ = {isa = PBXBuildFile; fileRef = C9E8B0A4262E602D00DBB0ED /* RecentyViewedViewController.swift */; };
		C9E8B0A8262E605400DBB0ED /* AnalyticsViewController.swift in Sources */ = {isa = PBXBuildFile; fileRef = C9E8B0A7262E605400DBB0ED /* AnalyticsViewController.swift */; };
		C9E8B0AB262E606D00DBB0ED /* PurchaseViewController.swift in Sources */ = {isa = PBXBuildFile; fileRef = C9E8B0AA262E606D00DBB0ED /* PurchaseViewController.swift */; };
		C9E8B0AE262E607600DBB0ED /* SaleViewController.swift in Sources */ = {isa = PBXBuildFile; fileRef = C9E8B0AD262E607600DBB0ED /* SaleViewController.swift */; };
		C9E8B0B9262E76E200DBB0ED /* UserStoreViewController.swift in Sources */ = {isa = PBXBuildFile; fileRef = C9E8B0B8262E76E200DBB0ED /* UserStoreViewController.swift */; };
		C9E91082263244780095CCD6 /* storeItemViewCell.swift in Sources */ = {isa = PBXBuildFile; fileRef = C9E91081263244780095CCD6 /* storeItemViewCell.swift */; };
		C9E910852632995A0095CCD6 /* cartCell.swift in Sources */ = {isa = PBXBuildFile; fileRef = C9E910842632995A0095CCD6 /* cartCell.swift */; };
		C9E9108D2632A1AC0095CCD6 /* CartItem.swift in Sources */ = {isa = PBXBuildFile; fileRef = C9E9108C2632A1AC0095CCD6 /* CartItem.swift */; };
		C9E910912633C06E0095CCD6 /* savedCell.swift in Sources */ = {isa = PBXBuildFile; fileRef = C9E910902633C06E0095CCD6 /* savedCell.swift */; };
		C9E910982633CB440095CCD6 /* SavedItem.swift in Sources */ = {isa = PBXBuildFile; fileRef = C9E910972633CB440095CCD6 /* SavedItem.swift */; };
		C9E9109C2633D7AD0095CCD6 /* recentCell.swift in Sources */ = {isa = PBXBuildFile; fileRef = C9E9109B2633D7AD0095CCD6 /* recentCell.swift */; };
		C9E9109F2633E14E0095CCD6 /* purchasesCell.swift in Sources */ = {isa = PBXBuildFile; fileRef = C9E9109E2633E14E0095CCD6 /* purchasesCell.swift */; };
		C9E910AC2633E80C0095CCD6 /* PurItem.swift in Sources */ = {isa = PBXBuildFile; fileRef = C9E910AB2633E80C0095CCD6 /* PurItem.swift */; };
		C9E910AF2633EEB60095CCD6 /* purchaseCell.swift in Sources */ = {isa = PBXBuildFile; fileRef = C9E910AE2633EEB60095CCD6 /* purchaseCell.swift */; };
		C9E910B22633EEF90095CCD6 /* PurCItem.swift in Sources */ = {isa = PBXBuildFile; fileRef = C9E910B12633EEF90095CCD6 /* PurCItem.swift */; };
		C9E910B52633FD7B0095CCD6 /* PurchaseItem.swift in Sources */ = {isa = PBXBuildFile; fileRef = C9E910B42633FD7B0095CCD6 /* PurchaseItem.swift */; };
		C9E910B8263482720095CCD6 /* SaleItem.swift in Sources */ = {isa = PBXBuildFile; fileRef = C9E910B7263482720095CCD6 /* SaleItem.swift */; };
		C9E910BB263483520095CCD6 /* SalesItem.swift in Sources */ = {isa = PBXBuildFile; fileRef = C9E910BA263483520095CCD6 /* SalesItem.swift */; };
		C9E910BE2634849F0095CCD6 /* SalesCell.swift in Sources */ = {isa = PBXBuildFile; fileRef = C9E910BD2634849F0095CCD6 /* SalesCell.swift */; };
		C9E910C1263485E00095CCD6 /* SaleCell.swift in Sources */ = {isa = PBXBuildFile; fileRef = C9E910C0263485E00095CCD6 /* SaleCell.swift */; };
/* End PBXBuildFile section */

/* Begin PBXFileReference section */
		0677454E0D1CDEC39B9CB83F /* Pods_Stockly.framework */ = {isa = PBXFileReference; explicitFileType = wrapper.framework; includeInIndex = 0; path = Pods_Stockly.framework; sourceTree = BUILT_PRODUCTS_DIR; };
		364BC773F5A74D1B8FCDE91F /* Pods-Stockly.release.xcconfig */ = {isa = PBXFileReference; includeInIndex = 1; lastKnownFileType = text.xcconfig; name = "Pods-Stockly.release.xcconfig"; path = "Target Support Files/Pods-Stockly/Pods-Stockly.release.xcconfig"; sourceTree = "<group>"; };
		53C6D2176E010FCB26204BAA /* Pods-Stockly.debug.xcconfig */ = {isa = PBXFileReference; includeInIndex = 1; lastKnownFileType = text.xcconfig; name = "Pods-Stockly.debug.xcconfig"; path = "Target Support Files/Pods-Stockly/Pods-Stockly.debug.xcconfig"; sourceTree = "<group>"; };
		C93064582623A24C00A3A837 /* Stockly.app */ = {isa = PBXFileReference; explicitFileType = wrapper.application; includeInIndex = 0; path = Stockly.app; sourceTree = BUILT_PRODUCTS_DIR; };
		C930645B2623A24C00A3A837 /* AppDelegate.swift */ = {isa = PBXFileReference; lastKnownFileType = sourcecode.swift; path = AppDelegate.swift; sourceTree = "<group>"; };
		C930645D2623A24C00A3A837 /* SceneDelegate.swift */ = {isa = PBXFileReference; lastKnownFileType = sourcecode.swift; path = SceneDelegate.swift; sourceTree = "<group>"; };
		C930645F2623A24C00A3A837 /* ViewController.swift */ = {isa = PBXFileReference; lastKnownFileType = sourcecode.swift; path = ViewController.swift; sourceTree = "<group>"; };
		C93064622623A24C00A3A837 /* Base */ = {isa = PBXFileReference; lastKnownFileType = file.storyboard; name = Base; path = Base.lproj/Main.storyboard; sourceTree = "<group>"; };
		C93064642623A24D00A3A837 /* Assets.xcassets */ = {isa = PBXFileReference; lastKnownFileType = folder.assetcatalog; path = Assets.xcassets; sourceTree = "<group>"; };
		C93064672623A24D00A3A837 /* Base */ = {isa = PBXFileReference; lastKnownFileType = file.storyboard; name = Base; path = Base.lproj/LaunchScreen.storyboard; sourceTree = "<group>"; };
		C93064692623A24D00A3A837 /* Info.plist */ = {isa = PBXFileReference; lastKnownFileType = text.plist.xml; path = Info.plist; sourceTree = "<group>"; };
		C93064702623A26A00A3A837 /* LoginViewController.swift */ = {isa = PBXFileReference; lastKnownFileType = sourcecode.swift; path = LoginViewController.swift; sourceTree = "<group>"; };
		C93064732623A27A00A3A837 /* SignUpViewController.swift */ = {isa = PBXFileReference; lastKnownFileType = sourcecode.swift; path = SignUpViewController.swift; sourceTree = "<group>"; };
		C93753112623EFA7002DF353 /* GoogleService-Info.plist */ = {isa = PBXFileReference; fileEncoding = 4; lastKnownFileType = text.plist.xml; path = "GoogleService-Info.plist"; sourceTree = "<group>"; };
		C944EDB22634D15000D79ED5 /* MessagesCell.swift */ = {isa = PBXFileReference; lastKnownFileType = sourcecode.swift; path = MessagesCell.swift; sourceTree = "<group>"; };
		C944EDB92634D2DD00D79ED5 /* ChatViewController.swift */ = {isa = PBXFileReference; lastKnownFileType = sourcecode.swift; path = ChatViewController.swift; sourceTree = "<group>"; };
		C960813B2627D84700A0C4D2 /* itemCell.swift */ = {isa = PBXFileReference; lastKnownFileType = sourcecode.swift; path = itemCell.swift; sourceTree = "<group>"; };
		C960813E2627DB7E00A0C4D2 /* Item.swift */ = {isa = PBXFileReference; lastKnownFileType = sourcecode.swift; path = Item.swift; sourceTree = "<group>"; };
		C96DD2E9262407E800DB0F72 /* Utilities.swift */ = {isa = PBXFileReference; lastKnownFileType = sourcecode.swift; path = Utilities.swift; sourceTree = "<group>"; };
		C96DD2EC26242FB600DB0F72 /* Constants.swift */ = {isa = PBXFileReference; lastKnownFileType = sourcecode.swift; path = Constants.swift; sourceTree = "<group>"; };
		C96DD2EF2624A55D00DB0F72 /* TabViewController.swift */ = {isa = PBXFileReference; lastKnownFileType = sourcecode.swift; path = TabViewController.swift; sourceTree = "<group>"; };
		C96DD2FD262569D000DB0F72 /* PhotoViewController.swift */ = {isa = PBXFileReference; lastKnownFileType = sourcecode.swift; path = PhotoViewController.swift; sourceTree = "<group>"; };
		C96DD30126256A1F00DB0F72 /* AddItemViewController.swift */ = {isa = PBXFileReference; lastKnownFileType = sourcecode.swift; path = AddItemViewController.swift; sourceTree = "<group>"; };
		C96DD30426256B2B00DB0F72 /* ProfileViewController.swift */ = {isa = PBXFileReference; lastKnownFileType = sourcecode.swift; path = ProfileViewController.swift; sourceTree = "<group>"; };
		C96DD308262582A800DB0F72 /* InventoryViewController.swift */ = {isa = PBXFileReference; lastKnownFileType = sourcecode.swift; path = InventoryViewController.swift; sourceTree = "<group>"; };
		C96DD30B2626045100DB0F72 /* ProfileEditViewController.swift */ = {isa = PBXFileReference; lastKnownFileType = sourcecode.swift; path = ProfileEditViewController.swift; sourceTree = "<group>"; };
		C96DD30E26262CF200DB0F72 /* NavViewController.swift */ = {isa = PBXFileReference; lastKnownFileType = sourcecode.swift; path = NavViewController.swift; sourceTree = "<group>"; };
		C9E8B07B262E5E0700DBB0ED /* EditItemViewController.swift */ = {isa = PBXFileReference; lastKnownFileType = sourcecode.swift; path = EditItemViewController.swift; sourceTree = "<group>"; };
		C9E8B080262E5E4300DBB0ED /* StoreViewController.swift */ = {isa = PBXFileReference; lastKnownFileType = sourcecode.swift; path = StoreViewController.swift; sourceTree = "<group>"; };
		C9E8B084262E5E7600DBB0ED /* StoreItemViewController.swift */ = {isa = PBXFileReference; lastKnownFileType = sourcecode.swift; path = StoreItemViewController.swift; sourceTree = "<group>"; };
		C9E8B087262E5E8E00DBB0ED /* CartViewController.swift */ = {isa = PBXFileReference; lastKnownFileType = sourcecode.swift; path = CartViewController.swift; sourceTree = "<group>"; };
		C9E8B08D262E5ED300DBB0ED /* CheckoutViewController.swift */ = {isa = PBXFileReference; lastKnownFileType = sourcecode.swift; path = CheckoutViewController.swift; sourceTree = "<group>"; };
		C9E8B090262E5EE500DBB0ED /* OrderPlacedViewController.swift */ = {isa = PBXFileReference; lastKnownFileType = sourcecode.swift; path = OrderPlacedViewController.swift; sourceTree = "<group>"; };
		C9E8B094262E5F7400DBB0ED /* DashboardViewController.swift */ = {isa = PBXFileReference; lastKnownFileType = sourcecode.swift; path = DashboardViewController.swift; sourceTree = "<group>"; };
		C9E8B098262E5FA600DBB0ED /* PurchasesViewController.swift */ = {isa = PBXFileReference; lastKnownFileType = sourcecode.swift; path = PurchasesViewController.swift; sourceTree = "<group>"; };
		C9E8B09B262E5FBE00DBB0ED /* SavedViewController.swift */ = {isa = PBXFileReference; lastKnownFileType = sourcecode.swift; path = SavedViewController.swift; sourceTree = "<group>"; };
		C9E8B09E262E5FF500DBB0ED /* MessagesViewController.swift */ = {isa = PBXFileReference; lastKnownFileType = sourcecode.swift; path = MessagesViewController.swift; sourceTree = "<group>"; };
		C9E8B0A1262E601800DBB0ED /* SalesViewController.swift */ = {isa = PBXFileReference; lastKnownFileType = sourcecode.swift; path = SalesViewController.swift; sourceTree = "<group>"; };
		C9E8B0A4262E602D00DBB0ED /* RecentyViewedViewController.swift */ = {isa = PBXFileReference; lastKnownFileType = sourcecode.swift; path = RecentyViewedViewController.swift; sourceTree = "<group>"; };
		C9E8B0A7262E605400DBB0ED /* AnalyticsViewController.swift */ = {isa = PBXFileReference; lastKnownFileType = sourcecode.swift; path = AnalyticsViewController.swift; sourceTree = "<group>"; };
		C9E8B0AA262E606D00DBB0ED /* PurchaseViewController.swift */ = {isa = PBXFileReference; lastKnownFileType = sourcecode.swift; path = PurchaseViewController.swift; sourceTree = "<group>"; };
		C9E8B0AD262E607600DBB0ED /* SaleViewController.swift */ = {isa = PBXFileReference; lastKnownFileType = sourcecode.swift; path = SaleViewController.swift; sourceTree = "<group>"; };
		C9E8B0B8262E76E200DBB0ED /* UserStoreViewController.swift */ = {isa = PBXFileReference; lastKnownFileType = sourcecode.swift; path = UserStoreViewController.swift; sourceTree = "<group>"; };
		C9E91081263244780095CCD6 /* storeItemViewCell.swift */ = {isa = PBXFileReference; lastKnownFileType = sourcecode.swift; path = storeItemViewCell.swift; sourceTree = "<group>"; };
		C9E910842632995A0095CCD6 /* cartCell.swift */ = {isa = PBXFileReference; lastKnownFileType = sourcecode.swift; path = cartCell.swift; sourceTree = "<group>"; };
		C9E9108C2632A1AC0095CCD6 /* CartItem.swift */ = {isa = PBXFileReference; lastKnownFileType = sourcecode.swift; path = CartItem.swift; sourceTree = "<group>"; };
		C9E910902633C06E0095CCD6 /* savedCell.swift */ = {isa = PBXFileReference; lastKnownFileType = sourcecode.swift; path = savedCell.swift; sourceTree = "<group>"; };
		C9E910972633CB440095CCD6 /* SavedItem.swift */ = {isa = PBXFileReference; lastKnownFileType = sourcecode.swift; path = SavedItem.swift; sourceTree = "<group>"; };
		C9E9109B2633D7AD0095CCD6 /* recentCell.swift */ = {isa = PBXFileReference; lastKnownFileType = sourcecode.swift; path = recentCell.swift; sourceTree = "<group>"; };
		C9E9109E2633E14E0095CCD6 /* purchasesCell.swift */ = {isa = PBXFileReference; lastKnownFileType = sourcecode.swift; path = purchasesCell.swift; sourceTree = "<group>"; };
		C9E910AB2633E80C0095CCD6 /* PurItem.swift */ = {isa = PBXFileReference; lastKnownFileType = sourcecode.swift; path = PurItem.swift; sourceTree = "<group>"; };
		C9E910AE2633EEB60095CCD6 /* purchaseCell.swift */ = {isa = PBXFileReference; lastKnownFileType = sourcecode.swift; path = purchaseCell.swift; sourceTree = "<group>"; };
		C9E910B12633EEF90095CCD6 /* PurCItem.swift */ = {isa = PBXFileReference; lastKnownFileType = sourcecode.swift; path = PurCItem.swift; sourceTree = "<group>"; };
		C9E910B42633FD7B0095CCD6 /* PurchaseItem.swift */ = {isa = PBXFileReference; lastKnownFileType = sourcecode.swift; path = PurchaseItem.swift; sourceTree = "<group>"; };
		C9E910B7263482720095CCD6 /* SaleItem.swift */ = {isa = PBXFileReference; lastKnownFileType = sourcecode.swift; path = SaleItem.swift; sourceTree = "<group>"; };
		C9E910BA263483520095CCD6 /* SalesItem.swift */ = {isa = PBXFileReference; lastKnownFileType = sourcecode.swift; path = SalesItem.swift; sourceTree = "<group>"; };
		C9E910BD2634849F0095CCD6 /* SalesCell.swift */ = {isa = PBXFileReference; lastKnownFileType = sourcecode.swift; path = SalesCell.swift; sourceTree = "<group>"; };
		C9E910C0263485E00095CCD6 /* SaleCell.swift */ = {isa = PBXFileReference; lastKnownFileType = sourcecode.swift; path = SaleCell.swift; sourceTree = "<group>"; };
/* End PBXFileReference section */

/* Begin PBXFrameworksBuildPhase section */
		C93064552623A24C00A3A837 /* Frameworks */ = {
			isa = PBXFrameworksBuildPhase;
			buildActionMask = 2147483647;
			files = (
				66BE1578F9E6C3141AB2E833 /* Pods_Stockly.framework in Frameworks */,
			);
			runOnlyForDeploymentPostprocessing = 0;
		};
/* End PBXFrameworksBuildPhase section */

/* Begin PBXGroup section */
		24F978DC24472A5B6BBC55B3 /* Pods */ = {
			isa = PBXGroup;
			children = (
				53C6D2176E010FCB26204BAA /* Pods-Stockly.debug.xcconfig */,
				364BC773F5A74D1B8FCDE91F /* Pods-Stockly.release.xcconfig */,
			);
			path = Pods;
			sourceTree = "<group>";
		};
		C409C448AB04EC00A4D95FD4 /* Frameworks */ = {
			isa = PBXGroup;
			children = (
				0677454E0D1CDEC39B9CB83F /* Pods_Stockly.framework */,
			);
			name = Frameworks;
			sourceTree = "<group>";
		};
		C930644F2623A24C00A3A837 = {
			isa = PBXGroup;
			children = (
				C930645A2623A24C00A3A837 /* Stockly */,
				C93064592623A24C00A3A837 /* Products */,
				24F978DC24472A5B6BBC55B3 /* Pods */,
				C409C448AB04EC00A4D95FD4 /* Frameworks */,
			);
			sourceTree = "<group>";
		};
		C93064592623A24C00A3A837 /* Products */ = {
			isa = PBXGroup;
			children = (
				C93064582623A24C00A3A837 /* Stockly.app */,
			);
			name = Products;
			sourceTree = "<group>";
		};
		C930645A2623A24C00A3A837 /* Stockly */ = {
			isa = PBXGroup;
			children = (
				C9E8B087262E5E8E00DBB0ED /* CartViewController.swift */,
				C9E910AB2633E80C0095CCD6 /* PurItem.swift */,
				C9E910B12633EEF90095CCD6 /* PurCItem.swift */,
				C9E910B42633FD7B0095CCD6 /* PurchaseItem.swift */,
				C9E910B7263482720095CCD6 /* SaleItem.swift */,
				C9E910BA263483520095CCD6 /* SalesItem.swift */,
				C9E910972633CB440095CCD6 /* SavedItem.swift */,
				C960813E2627DB7E00A0C4D2 /* Item.swift */,
				C9E9108C2632A1AC0095CCD6 /* CartItem.swift */,
				C93064762623A27E00A3A837 /* ViewControllers */,
				C96DD2E82624079B00DB0F72 /* Helpers */,
				C93753112623EFA7002DF353 /* GoogleService-Info.plist */,
				C930645B2623A24C00A3A837 /* AppDelegate.swift */,
				C930645D2623A24C00A3A837 /* SceneDelegate.swift */,
				C93064612623A24C00A3A837 /* Main.storyboard */,
				C93064642623A24D00A3A837 /* Assets.xcassets */,
				C93064662623A24D00A3A837 /* LaunchScreen.storyboard */,
				C93064692623A24D00A3A837 /* Info.plist */,
			);
			path = Stockly;
			sourceTree = "<group>";
		};
		C93064762623A27E00A3A837 /* ViewControllers */ = {
			isa = PBXGroup;
			children = (
				C9E8B0B0262E608900DBB0ED /* Profile */,
				C9E8B093262E5F0400DBB0ED /* Dashboard */,
				C9E8B07F262E5E1E00DBB0ED /* Store */,
				C99B777C262E45B900E57D9C /* InvControllers */,
				C99B7779262E1DD800E57D9C /* LoginControllers */,
				C96DD2FD262569D000DB0F72 /* PhotoViewController.swift */,
			);
			path = ViewControllers;
			sourceTree = "<group>";
		};
		C96DD2E82624079B00DB0F72 /* Helpers */ = {
			isa = PBXGroup;
			children = (
				C96DD2E9262407E800DB0F72 /* Utilities.swift */,
				C96DD2EC26242FB600DB0F72 /* Constants.swift */,
				C960813B2627D84700A0C4D2 /* itemCell.swift */,
				C9E91081263244780095CCD6 /* storeItemViewCell.swift */,
				C9E910842632995A0095CCD6 /* cartCell.swift */,
				C9E910902633C06E0095CCD6 /* savedCell.swift */,
				C9E9109B2633D7AD0095CCD6 /* recentCell.swift */,
				C9E9109E2633E14E0095CCD6 /* purchasesCell.swift */,
				C9E910AE2633EEB60095CCD6 /* purchaseCell.swift */,
				C9E910BD2634849F0095CCD6 /* SalesCell.swift */,
				C9E910C0263485E00095CCD6 /* SaleCell.swift */,
				C944EDB22634D15000D79ED5 /* MessagesCell.swift */,
			);
			path = Helpers;
			sourceTree = "<group>";
		};
		C99B7779262E1DD800E57D9C /* LoginControllers */ = {
			isa = PBXGroup;
			children = (
				C930645F2623A24C00A3A837 /* ViewController.swift */,
				C93064702623A26A00A3A837 /* LoginViewController.swift */,
				C93064732623A27A00A3A837 /* SignUpViewController.swift */,
				C96DD2EF2624A55D00DB0F72 /* TabViewController.swift */,
				C96DD30E26262CF200DB0F72 /* NavViewController.swift */,
			);
			path = LoginControllers;
			sourceTree = "<group>";
		};
		C99B777C262E45B900E57D9C /* InvControllers */ = {
			isa = PBXGroup;
			children = (
				C96DD30126256A1F00DB0F72 /* AddItemViewController.swift */,
				C96DD308262582A800DB0F72 /* InventoryViewController.swift */,
				C9E8B07B262E5E0700DBB0ED /* EditItemViewController.swift */,
			);
			path = InvControllers;
			sourceTree = "<group>";
		};
		C9E8B07F262E5E1E00DBB0ED /* Store */ = {
			isa = PBXGroup;
			children = (
				C9E8B080262E5E4300DBB0ED /* StoreViewController.swift */,
				C9E8B084262E5E7600DBB0ED /* StoreItemViewController.swift */,
				C9E8B08D262E5ED300DBB0ED /* CheckoutViewController.swift */,
				C9E8B090262E5EE500DBB0ED /* OrderPlacedViewController.swift */,
				C9E8B0B8262E76E200DBB0ED /* UserStoreViewController.swift */,
			);
			path = Store;
			sourceTree = "<group>";
		};
		C9E8B093262E5F0400DBB0ED /* Dashboard */ = {
			isa = PBXGroup;
			children = (
				C9E8B094262E5F7400DBB0ED /* DashboardViewController.swift */,
				C9E8B098262E5FA600DBB0ED /* PurchasesViewController.swift */,
				C9E8B09B262E5FBE00DBB0ED /* SavedViewController.swift */,
				C9E8B09E262E5FF500DBB0ED /* MessagesViewController.swift */,
				C9E8B0A1262E601800DBB0ED /* SalesViewController.swift */,
				C9E8B0A4262E602D00DBB0ED /* RecentyViewedViewController.swift */,
				C9E8B0A7262E605400DBB0ED /* AnalyticsViewController.swift */,
				C9E8B0AA262E606D00DBB0ED /* PurchaseViewController.swift */,
				C9E8B0AD262E607600DBB0ED /* SaleViewController.swift */,
				C944EDB92634D2DD00D79ED5 /* ChatViewController.swift */,
			);
			path = Dashboard;
			sourceTree = "<group>";
		};
		C9E8B0B0262E608900DBB0ED /* Profile */ = {
			isa = PBXGroup;
			children = (
				C96DD30426256B2B00DB0F72 /* ProfileViewController.swift */,
				C96DD30B2626045100DB0F72 /* ProfileEditViewController.swift */,
			);
			path = Profile;
			sourceTree = "<group>";
		};
/* End PBXGroup section */

/* Begin PBXNativeTarget section */
		C93064572623A24C00A3A837 /* Stockly */ = {
			isa = PBXNativeTarget;
			buildConfigurationList = C930646C2623A24D00A3A837 /* Build configuration list for PBXNativeTarget "Stockly" */;
			buildPhases = (
				D79B2301E33C2688D63A18FB /* [CP] Check Pods Manifest.lock */,
				C93064542623A24C00A3A837 /* Sources */,
				C93064552623A24C00A3A837 /* Frameworks */,
				C93064562623A24C00A3A837 /* Resources */,
				2D77BDB5A0F473905D3D2C68 /* [CP] Embed Pods Frameworks */,
			);
			buildRules = (
			);
			dependencies = (
			);
			name = Stockly;
			productName = Stockly;
			productReference = C93064582623A24C00A3A837 /* Stockly.app */;
			productType = "com.apple.product-type.application";
		};
/* End PBXNativeTarget section */

/* Begin PBXProject section */
		C93064502623A24C00A3A837 /* Project object */ = {
			isa = PBXProject;
			attributes = {
				LastSwiftUpdateCheck = 1240;
				LastUpgradeCheck = 1240;
				TargetAttributes = {
					C93064572623A24C00A3A837 = {
						CreatedOnToolsVersion = 12.4;
					};
				};
			};
			buildConfigurationList = C93064532623A24C00A3A837 /* Build configuration list for PBXProject "Stockly" */;
			compatibilityVersion = "Xcode 9.3";
			developmentRegion = en;
			hasScannedForEncodings = 0;
			knownRegions = (
				en,
				Base,
			);
			mainGroup = C930644F2623A24C00A3A837;
			productRefGroup = C93064592623A24C00A3A837 /* Products */;
			projectDirPath = "";
			projectRoot = "";
			targets = (
				C93064572623A24C00A3A837 /* Stockly */,
			);
		};
/* End PBXProject section */

/* Begin PBXResourcesBuildPhase section */
		C93064562623A24C00A3A837 /* Resources */ = {
			isa = PBXResourcesBuildPhase;
			buildActionMask = 2147483647;
			files = (
				C93064682623A24D00A3A837 /* LaunchScreen.storyboard in Resources */,
				C96DD2E52624030D00DB0F72 /* GoogleService-Info.plist in Resources */,
				C93064652623A24D00A3A837 /* Assets.xcassets in Resources */,
				C93064632623A24C00A3A837 /* Main.storyboard in Resources */,
			);
			runOnlyForDeploymentPostprocessing = 0;
		};
/* End PBXResourcesBuildPhase section */

/* Begin PBXShellScriptBuildPhase section */
		2D77BDB5A0F473905D3D2C68 /* [CP] Embed Pods Frameworks */ = {
			isa = PBXShellScriptBuildPhase;
			buildActionMask = 2147483647;
			files = (
			);
			inputFileListPaths = (
				"${PODS_ROOT}/Target Support Files/Pods-Stockly/Pods-Stockly-frameworks-${CONFIGURATION}-input-files.xcfilelist",
			);
			name = "[CP] Embed Pods Frameworks";
			outputFileListPaths = (
				"${PODS_ROOT}/Target Support Files/Pods-Stockly/Pods-Stockly-frameworks-${CONFIGURATION}-output-files.xcfilelist",
			);
			runOnlyForDeploymentPostprocessing = 0;
			shellPath = /bin/sh;
			shellScript = "\"${PODS_ROOT}/Target Support Files/Pods-Stockly/Pods-Stockly-frameworks.sh\"\n";
			showEnvVarsInLog = 0;
		};
		D79B2301E33C2688D63A18FB /* [CP] Check Pods Manifest.lock */ = {
			isa = PBXShellScriptBuildPhase;
			buildActionMask = 2147483647;
			files = (
			);
			inputFileListPaths = (
			);
			inputPaths = (
				"${PODS_PODFILE_DIR_PATH}/Podfile.lock",
				"${PODS_ROOT}/Manifest.lock",
			);
			name = "[CP] Check Pods Manifest.lock";
			outputFileListPaths = (
			);
			outputPaths = (
				"$(DERIVED_FILE_DIR)/Pods-Stockly-checkManifestLockResult.txt",
			);
			runOnlyForDeploymentPostprocessing = 0;
			shellPath = /bin/sh;
			shellScript = "diff \"${PODS_PODFILE_DIR_PATH}/Podfile.lock\" \"${PODS_ROOT}/Manifest.lock\" > /dev/null\nif [ $? != 0 ] ; then\n    # print error to STDERR\n    echo \"error: The sandbox is not in sync with the Podfile.lock. Run 'pod install' or update your CocoaPods installation.\" >&2\n    exit 1\nfi\n# This output is used by Xcode 'outputs' to avoid re-running this script phase.\necho \"SUCCESS\" > \"${SCRIPT_OUTPUT_FILE_0}\"\n";
			showEnvVarsInLog = 0;
		};
/* End PBXShellScriptBuildPhase section */

/* Begin PBXSourcesBuildPhase section */
		C93064542623A24C00A3A837 /* Sources */ = {
			isa = PBXSourcesBuildPhase;
			buildActionMask = 2147483647;
			files = (
				C9E8B07C262E5E0700DBB0ED /* EditItemViewController.swift in Sources */,
				C93064712623A26A00A3A837 /* LoginViewController.swift in Sources */,
				C9E9109C2633D7AD0095CCD6 /* recentCell.swift in Sources */,
				C944EDBA2634D2DD00D79ED5 /* ChatViewController.swift in Sources */,
				C96DD309262582A800DB0F72 /* InventoryViewController.swift in Sources */,
				C9E8B0B9262E76E200DBB0ED /* UserStoreViewController.swift in Sources */,
				C93064602623A24C00A3A837 /* ViewController.swift in Sources */,
				C9E910852632995A0095CCD6 /* cartCell.swift in Sources */,
				C9E8B085262E5E7600DBB0ED /* StoreItemViewController.swift in Sources */,
				C9E9109F2633E14E0095CCD6 /* purchasesCell.swift in Sources */,
				C96DD2EA262407E800DB0F72 /* Utilities.swift in Sources */,
				C9E910AF2633EEB60095CCD6 /* purchaseCell.swift in Sources */,
				C9E8B095262E5F7400DBB0ED /* DashboardViewController.swift in Sources */,
				C9E910C1263485E00095CCD6 /* SaleCell.swift in Sources */,
				C960813F2627DB7E00A0C4D2 /* Item.swift in Sources */,
				C9E910982633CB440095CCD6 /* SavedItem.swift in Sources */,
				C9E8B0AB262E606D00DBB0ED /* PurchaseViewController.swift in Sources */,
				C960813C2627D84700A0C4D2 /* itemCell.swift in Sources */,
				C9E8B09C262E5FBE00DBB0ED /* SavedViewController.swift in Sources */,
				C9E910912633C06E0095CCD6 /* savedCell.swift in Sources */,
				C9E910BE2634849F0095CCD6 /* SalesCell.swift in Sources */,
				C9E910B22633EEF90095CCD6 /* PurCItem.swift in Sources */,
				C9E9108D2632A1AC0095CCD6 /* CartItem.swift in Sources */,
				C930645C2623A24C00A3A837 /* AppDelegate.swift in Sources */,
				C9E8B09F262E5FF500DBB0ED /* MessagesViewController.swift in Sources */,
				C9E8B0A5262E602D00DBB0ED /* RecentyViewedViewController.swift in Sources */,
				C930645E2623A24C00A3A837 /* SceneDelegate.swift in Sources */,
				C9E8B091262E5EE500DBB0ED /* OrderPlacedViewController.swift in Sources */,
				C96DD30226256A1F00DB0F72 /* AddItemViewController.swift in Sources */,
				C9E8B0A8262E605400DBB0ED /* AnalyticsViewController.swift in Sources */,
				C96DD30526256B2B00DB0F72 /* ProfileViewController.swift in Sources */,
				C9E8B088262E5E8E00DBB0ED /* CartViewController.swift in Sources */,
				C9E910B8263482720095CCD6 /* SaleItem.swift in Sources */,
				C96DD30F26262CF200DB0F72 /* NavViewController.swift in Sources */,
				C9E8B099262E5FA600DBB0ED /* PurchasesViewController.swift in Sources */,
				C9E8B0AE262E607600DBB0ED /* SaleViewController.swift in Sources */,
				C9E91082263244780095CCD6 /* storeItemViewCell.swift in Sources */,
				C93064742623A27A00A3A837 /* SignUpViewController.swift in Sources */,
				C944EDB32634D15000D79ED5 /* MessagesCell.swift in Sources */,
				C9E8B08E262E5ED300DBB0ED /* CheckoutViewController.swift in Sources */,
				C96DD2F02624A55D00DB0F72 /* TabViewController.swift in Sources */,
				C9E8B0A2262E601800DBB0ED /* SalesViewController.swift in Sources */,
				C9E8B081262E5E4300DBB0ED /* StoreViewController.swift in Sources */,
				C96DD2ED26242FB600DB0F72 /* Constants.swift in Sources */,
				C9E910B52633FD7B0095CCD6 /* PurchaseItem.swift in Sources */,
				C9E910BB263483520095CCD6 /* SalesItem.swift in Sources */,
				C96DD30C2626045100DB0F72 /* ProfileEditViewController.swift in Sources */,
				C9E910AC2633E80C0095CCD6 /* PurItem.swift in Sources */,
				C96DD2FE262569D000DB0F72 /* PhotoViewController.swift in Sources */,
			);
			runOnlyForDeploymentPostprocessing = 0;
		};
/* End PBXSourcesBuildPhase section */

/* Begin PBXVariantGroup section */
		C93064612623A24C00A3A837 /* Main.storyboard */ = {
			isa = PBXVariantGroup;
			children = (
				C93064622623A24C00A3A837 /* Base */,
			);
			name = Main.storyboard;
			sourceTree = "<group>";
		};
		C93064662623A24D00A3A837 /* LaunchScreen.storyboard */ = {
			isa = PBXVariantGroup;
			children = (
				C93064672623A24D00A3A837 /* Base */,
			);
			name = LaunchScreen.storyboard;
			sourceTree = "<group>";
		};
/* End PBXVariantGroup section */

/* Begin XCBuildConfiguration section */
		C930646A2623A24D00A3A837 /* Debug */ = {
			isa = XCBuildConfiguration;
			buildSettings = {
				ALWAYS_SEARCH_USER_PATHS = NO;
				CLANG_ANALYZER_NONNULL = YES;
				CLANG_ANALYZER_NUMBER_OBJECT_CONVERSION = YES_AGGRESSIVE;
				CLANG_CXX_LANGUAGE_STANDARD = "gnu++14";
				CLANG_CXX_LIBRARY = "libc++";
				CLANG_ENABLE_MODULES = YES;
				CLANG_ENABLE_OBJC_ARC = YES;
				CLANG_ENABLE_OBJC_WEAK = YES;
				CLANG_WARN_BLOCK_CAPTURE_AUTORELEASING = YES;
				CLANG_WARN_BOOL_CONVERSION = YES;
				CLANG_WARN_COMMA = YES;
				CLANG_WARN_CONSTANT_CONVERSION = YES;
				CLANG_WARN_DEPRECATED_OBJC_IMPLEMENTATIONS = YES;
				CLANG_WARN_DIRECT_OBJC_ISA_USAGE = YES_ERROR;
				CLANG_WARN_DOCUMENTATION_COMMENTS = YES;
				CLANG_WARN_EMPTY_BODY = YES;
				CLANG_WARN_ENUM_CONVERSION = YES;
				CLANG_WARN_INFINITE_RECURSION = YES;
				CLANG_WARN_INT_CONVERSION = YES;
				CLANG_WARN_NON_LITERAL_NULL_CONVERSION = YES;
				CLANG_WARN_OBJC_IMPLICIT_RETAIN_SELF = YES;
				CLANG_WARN_OBJC_LITERAL_CONVERSION = YES;
				CLANG_WARN_OBJC_ROOT_CLASS = YES_ERROR;
				CLANG_WARN_QUOTED_INCLUDE_IN_FRAMEWORK_HEADER = YES;
				CLANG_WARN_RANGE_LOOP_ANALYSIS = YES;
				CLANG_WARN_STRICT_PROTOTYPES = YES;
				CLANG_WARN_SUSPICIOUS_MOVE = YES;
				CLANG_WARN_UNGUARDED_AVAILABILITY = YES_AGGRESSIVE;
				CLANG_WARN_UNREACHABLE_CODE = YES;
				CLANG_WARN__DUPLICATE_METHOD_MATCH = YES;
				COPY_PHASE_STRIP = NO;
				DEBUG_INFORMATION_FORMAT = dwarf;
				ENABLE_STRICT_OBJC_MSGSEND = YES;
				ENABLE_TESTABILITY = YES;
				GCC_C_LANGUAGE_STANDARD = gnu11;
				GCC_DYNAMIC_NO_PIC = NO;
				GCC_NO_COMMON_BLOCKS = YES;
				GCC_OPTIMIZATION_LEVEL = 0;
				GCC_PREPROCESSOR_DEFINITIONS = (
					"DEBUG=1",
					"$(inherited)",
				);
				GCC_WARN_64_TO_32_BIT_CONVERSION = YES;
				GCC_WARN_ABOUT_RETURN_TYPE = YES_ERROR;
				GCC_WARN_UNDECLARED_SELECTOR = YES;
				GCC_WARN_UNINITIALIZED_AUTOS = YES_AGGRESSIVE;
				GCC_WARN_UNUSED_FUNCTION = YES;
				GCC_WARN_UNUSED_VARIABLE = YES;
				IPHONEOS_DEPLOYMENT_TARGET = 14.4;
				MTL_ENABLE_DEBUG_INFO = INCLUDE_SOURCE;
				MTL_FAST_MATH = YES;
				ONLY_ACTIVE_ARCH = YES;
				SDKROOT = iphoneos;
				SWIFT_ACTIVE_COMPILATION_CONDITIONS = DEBUG;
				SWIFT_OPTIMIZATION_LEVEL = "-Onone";
			};
			name = Debug;
		};
		C930646B2623A24D00A3A837 /* Release */ = {
			isa = XCBuildConfiguration;
			buildSettings = {
				ALWAYS_SEARCH_USER_PATHS = NO;
				CLANG_ANALYZER_NONNULL = YES;
				CLANG_ANALYZER_NUMBER_OBJECT_CONVERSION = YES_AGGRESSIVE;
				CLANG_CXX_LANGUAGE_STANDARD = "gnu++14";
				CLANG_CXX_LIBRARY = "libc++";
				CLANG_ENABLE_MODULES = YES;
				CLANG_ENABLE_OBJC_ARC = YES;
				CLANG_ENABLE_OBJC_WEAK = YES;
				CLANG_WARN_BLOCK_CAPTURE_AUTORELEASING = YES;
				CLANG_WARN_BOOL_CONVERSION = YES;
				CLANG_WARN_COMMA = YES;
				CLANG_WARN_CONSTANT_CONVERSION = YES;
				CLANG_WARN_DEPRECATED_OBJC_IMPLEMENTATIONS = YES;
				CLANG_WARN_DIRECT_OBJC_ISA_USAGE = YES_ERROR;
				CLANG_WARN_DOCUMENTATION_COMMENTS = YES;
				CLANG_WARN_EMPTY_BODY = YES;
				CLANG_WARN_ENUM_CONVERSION = YES;
				CLANG_WARN_INFINITE_RECURSION = YES;
				CLANG_WARN_INT_CONVERSION = YES;
				CLANG_WARN_NON_LITERAL_NULL_CONVERSION = YES;
				CLANG_WARN_OBJC_IMPLICIT_RETAIN_SELF = YES;
				CLANG_WARN_OBJC_LITERAL_CONVERSION = YES;
				CLANG_WARN_OBJC_ROOT_CLASS = YES_ERROR;
				CLANG_WARN_QUOTED_INCLUDE_IN_FRAMEWORK_HEADER = YES;
				CLANG_WARN_RANGE_LOOP_ANALYSIS = YES;
				CLANG_WARN_STRICT_PROTOTYPES = YES;
				CLANG_WARN_SUSPICIOUS_MOVE = YES;
				CLANG_WARN_UNGUARDED_AVAILABILITY = YES_AGGRESSIVE;
				CLANG_WARN_UNREACHABLE_CODE = YES;
				CLANG_WARN__DUPLICATE_METHOD_MATCH = YES;
				COPY_PHASE_STRIP = NO;
				DEBUG_INFORMATION_FORMAT = "dwarf-with-dsym";
				ENABLE_NS_ASSERTIONS = NO;
				ENABLE_STRICT_OBJC_MSGSEND = YES;
				GCC_C_LANGUAGE_STANDARD = gnu11;
				GCC_NO_COMMON_BLOCKS = YES;
				GCC_WARN_64_TO_32_BIT_CONVERSION = YES;
				GCC_WARN_ABOUT_RETURN_TYPE = YES_ERROR;
				GCC_WARN_UNDECLARED_SELECTOR = YES;
				GCC_WARN_UNINITIALIZED_AUTOS = YES_AGGRESSIVE;
				GCC_WARN_UNUSED_FUNCTION = YES;
				GCC_WARN_UNUSED_VARIABLE = YES;
				IPHONEOS_DEPLOYMENT_TARGET = 14.4;
				MTL_ENABLE_DEBUG_INFO = NO;
				MTL_FAST_MATH = YES;
				SDKROOT = iphoneos;
				SWIFT_COMPILATION_MODE = wholemodule;
				SWIFT_OPTIMIZATION_LEVEL = "-O";
				VALIDATE_PRODUCT = YES;
			};
			name = Release;
		};
		C930646D2623A24D00A3A837 /* Debug */ = {
			isa = XCBuildConfiguration;
			baseConfigurationReference = 53C6D2176E010FCB26204BAA /* Pods-Stockly.debug.xcconfig */;
			buildSettings = {
				ASSETCATALOG_COMPILER_APPICON_NAME = AppIcon;
				ASSETCATALOG_COMPILER_GLOBAL_ACCENT_COLOR_NAME = AccentColor;
				CODE_SIGN_STYLE = Automatic;
				INFOPLIST_FILE = Stockly/Info.plist;
				LD_RUNPATH_SEARCH_PATHS = (
					"$(inherited)",
					"@executable_path/Frameworks",
				);
				PRODUCT_BUNDLE_IDENTIFIER = Stockly.Stockly;
				PRODUCT_NAME = "$(TARGET_NAME)";
				SWIFT_VERSION = 5.0;
				TARGETED_DEVICE_FAMILY = "1,2";
			};
			name = Debug;
		};
		C930646E2623A24D00A3A837 /* Release */ = {
			isa = XCBuildConfiguration;
			baseConfigurationReference = 364BC773F5A74D1B8FCDE91F /* Pods-Stockly.release.xcconfig */;
			buildSettings = {
				ASSETCATALOG_COMPILER_APPICON_NAME = AppIcon;
				ASSETCATALOG_COMPILER_GLOBAL_ACCENT_COLOR_NAME = AccentColor;
				CODE_SIGN_STYLE = Automatic;
				INFOPLIST_FILE = Stockly/Info.plist;
				LD_RUNPATH_SEARCH_PATHS = (
					"$(inherited)",
					"@executable_path/Frameworks",
				);
				PRODUCT_BUNDLE_IDENTIFIER = Stockly.Stockly;
				PRODUCT_NAME = "$(TARGET_NAME)";
				SWIFT_VERSION = 5.0;
				TARGETED_DEVICE_FAMILY = "1,2";
			};
			name = Release;
		};
/* End XCBuildConfiguration section */

/* Begin XCConfigurationList section */
		C93064532623A24C00A3A837 /* Build configuration list for PBXProject "Stockly" */ = {
			isa = XCConfigurationList;
			buildConfigurations = (
				C930646A2623A24D00A3A837 /* Debug */,
				C930646B2623A24D00A3A837 /* Release */,
			);
			defaultConfigurationIsVisible = 0;
			defaultConfigurationName = Release;
		};
		C930646C2623A24D00A3A837 /* Build configuration list for PBXNativeTarget "Stockly" */ = {
			isa = XCConfigurationList;
			buildConfigurations = (
				C930646D2623A24D00A3A837 /* Debug */,
				C930646E2623A24D00A3A837 /* Release */,
			);
			defaultConfigurationIsVisible = 0;
			defaultConfigurationName = Release;
		};
/* End XCConfigurationList section */
	};
	rootObject = C93064502623A24C00A3A837 /* Project object */;
}
